
Microsoft Visual Studio Solution File, Format Version 12.00
Project("{2150E333-8FDC-42A3-9474-1A3956D46DE8}") = "src", "src", "{954E1427-29AF-4F24-A5AB-BDB42CC6669B}"
EndProject
Project("{FAE04EC0-301F-11D3-BF4B-00C04F79EFBC}") = "SportsBooking.Domain", "src\SportsBooking.Domain\SportsBooking.Domain.csproj", "{DA3F938A-500C-473E-850C-2E372D03ED63}"
EndProject
Global
	GlobalSection(SolutionConfigurationPlatforms) = preSolution
		Debug|Any CPU = Debug|Any CPU
		Release|Any CPU = Release|Any CPU
	EndGlobalSection
	GlobalSection(ProjectConfigurationPlatforms) = postSolution
		{DA3F938A-500C-473E-850C-2E372D03ED63}.Debug|Any CPU.ActiveCfg = Debug|Any CPU
		{DA3F938A-500C-473E-850C-2E372D03ED63}.Debug|Any CPU.Build.0 = Debug|Any CPU
		{DA3F938A-500C-473E-850C-2E372D03ED63}.Release|Any CPU.ActiveCfg = Release|Any CPU
		{DA3F938A-500C-473E-850C-2E372D03ED63}.Release|Any CPU.Build.0 = Release|Any CPU
	EndGlobalSection
	GlobalSection(NestedProjects) = preSolution
		{DA3F938A-500C-473E-850C-2E372D03ED63} = {954E1427-29AF-4F24-A5AB-BDB42CC6669B}
	EndGlobalSection
EndGlobal
